<Solution>
  <Folder Name="/Api/">
    <Project Path="Api/TestStoreApp.Api.Products/TestStoreApp.Api.Products.csproj" />
  </Folder>
  <Project Path="docker-compose.dcproj">
    <Build />
  </Project>
  <Project Path="TestStoreApp.WebApp/TestStoreApp.WebApp.esproj">
    <Build />
    <Deploy />
  </Project>
</Solution>
